
Microsoft Visual Studio Solution File, Format Version 12.00
# Visual Studio Version 16
VisualStudioVersion = 16.0.29709.97
MinimumVisualStudioVersion = 10.0.40219.1
Project("{FAE04EC0-301F-11D3-BF4B-00C04F79EFBC}") = "Note_Making_App_Group1.Android", "Note_Making_App_Group1\Note_Making_App_Group1.Android\Note_Making_App_Group1.Android.csproj", "{013830B3-E5AE-4152-A168-E18E93E1CACC}"
EndProject
Project("{9A19103F-16F7-4668-BE54-9A1E7A4F7556}") = "Note_Making_App_Group1", "Note_Making_App_Group1\Note_Making_App_Group1\Note_Making_App_Group1.csproj", "{0DC82AFC-999D-4B45-80BB-60022B952382}"
EndProject
Global
	GlobalSection(SolutionConfigurationPlatforms) = preSolution
		Debug|Any CPU = Debug|Any CPU
		Release|Any CPU = Release|Any CPU
	EndGlobalSection
	GlobalSection(ProjectConfigurationPlatforms) = postSolution
		{013830B3-E5AE-4152-A168-E18E93E1CACC}.Debug|Any CPU.ActiveCfg = Debug|Any CPU
		{013830B3-E5AE-4152-A168-E18E93E1CACC}.Debug|Any CPU.Build.0 = Debug|Any CPU
		{013830B3-E5AE-4152-A168-E18E93E1CACC}.Debug|Any CPU.Deploy.0 = Debug|Any CPU
		{013830B3-E5AE-4152-A168-E18E93E1CACC}.Release|Any CPU.ActiveCfg = Release|Any CPU
		{013830B3-E5AE-4152-A168-E18E93E1CACC}.Release|Any CPU.Build.0 = Release|Any CPU
		{013830B3-E5AE-4152-A168-E18E93E1CACC}.Release|Any CPU.Deploy.0 = Release|Any CPU
		{0DC82AFC-999D-4B45-80BB-60022B952382}.Debug|Any CPU.ActiveCfg = Debug|Any CPU
		{0DC82AFC-999D-4B45-80BB-60022B952382}.Debug|Any CPU.Build.0 = Debug|Any CPU
		{0DC82AFC-999D-4B45-80BB-60022B952382}.Release|Any CPU.ActiveCfg = Release|Any CPU
		{0DC82AFC-999D-4B45-80BB-60022B952382}.Release|Any CPU.Build.0 = Release|Any CPU
	EndGlobalSection
	GlobalSection(SolutionProperties) = preSolution
		HideSolutionNode = FALSE
	EndGlobalSection
	GlobalSection(ExtensibilityGlobals) = postSolution
		SolutionGuid = {17A1E518-300D-42E5-977A-16D43E7D9D6B}
	EndGlobalSection
EndGlobal
